// !$*UTF8*$!
{
	archiveVersion = 1;
	classes = {
	};
	objectVersion = 46;
	objects = {

/* Begin PBXBuildFile section */
		E137DAC91671BF6700AC0735 /* UIKit.framework in Frameworks */ = {isa = PBXBuildFile; fileRef = E137DAC81671BF6700AC0735 /* UIKit.framework */; };
		E137DACB1671BF6700AC0735 /* Foundation.framework in Frameworks */ = {isa = PBXBuildFile; fileRef = E137DACA1671BF6700AC0735 /* Foundation.framework */; };
		E137DACD1671BF6700AC0735 /* CoreGraphics.framework in Frameworks */ = {isa = PBXBuildFile; fileRef = E137DACC1671BF6700AC0735 /* CoreGraphics.framework */; };
		E137DAD31671BF6700AC0735 /* InfoPlist.strings in Resources */ = {isa = PBXBuildFile; fileRef = E137DAD11671BF6700AC0735 /* InfoPlist.strings */; };
		E137DAD51671BF6700AC0735 /* main.m in Sources */ = {isa = PBXBuildFile; fileRef = E137DAD41671BF6700AC0735 /* main.m */; };
		E137DAD91671BF6700AC0735 /* AppDelegate.m in Sources */ = {isa = PBXBuildFile; fileRef = E137DAD81671BF6700AC0735 /* AppDelegate.m */; };
		E137DADB1671BF6700AC0735 /* Default.png in Resources */ = {isa = PBXBuildFile; fileRef = E137DADA1671BF6700AC0735 /* Default.png */; };
		E137DADD1671BF6700AC0735 /* Default@2x.png in Resources */ = {isa = PBXBuildFile; fileRef = E137DADC1671BF6700AC0735 /* Default@2x.png */; };
		E137DADF1671BF6700AC0735 /* Default-568h@2x.png in Resources */ = {isa = PBXBuildFile; fileRef = E137DADE1671BF6700AC0735 /* Default-568h@2x.png */; };
		E137DAE71671BF6700AC0735 /* SenTestingKit.framework in Frameworks */ = {isa = PBXBuildFile; fileRef = E137DAE61671BF6700AC0735 /* SenTestingKit.framework */; };
		E137DAE81671BF6700AC0735 /* UIKit.framework in Frameworks */ = {isa = PBXBuildFile; fileRef = E137DAC81671BF6700AC0735 /* UIKit.framework */; };
		E137DAE91671BF6700AC0735 /* Foundation.framework in Frameworks */ = {isa = PBXBuildFile; fileRef = E137DACA1671BF6700AC0735 /* Foundation.framework */; };
		E137DAF11671BF6700AC0735 /* InfoPlist.strings in Resources */ = {isa = PBXBuildFile; fileRef = E137DAEF1671BF6700AC0735 /* InfoPlist.strings */; };
		E137DAF41671BF6700AC0735 /* SimpleDocumentTests.m in Sources */ = {isa = PBXBuildFile; fileRef = E137DAF31671BF6700AC0735 /* SimpleDocumentTests.m */; };
		E137DAFF1671BF9200AC0735 /* SimpleDocument.m in Sources */ = {isa = PBXBuildFile; fileRef = E137DAFE1671BF9200AC0735 /* SimpleDocument.m */; };
		E1C8A0DD1671D2740006A5E9 /* SimpleDocumentUser.m in Sources */ = {isa = PBXBuildFile; fileRef = E1C8A0DC1671D2740006A5E9 /* SimpleDocumentUser.m */; };
/* End PBXBuildFile section */

/* Begin PBXContainerItemProxy section */
		E137DAEA1671BF6700AC0735 /* PBXContainerItemProxy */ = {
			isa = PBXContainerItemProxy;
			containerPortal = E137DABB1671BF6600AC0735 /* Project object */;
			proxyType = 1;
			remoteGlobalIDString = E137DAC31671BF6700AC0735;
			remoteInfo = SimpleDocument;
		};
/* End PBXContainerItemProxy section */

/* Begin PBXFileReference section */
		E137DAC41671BF6700AC0735 /* SimpleDocument.app */ = {isa = PBXFileReference; explicitFileType = wrapper.application; includeInIndex = 0; path = SimpleDocument.app; sourceTree = BUILT_PRODUCTS_DIR; };
		E137DAC81671BF6700AC0735 /* UIKit.framework */ = {isa = PBXFileReference; lastKnownFileType = wrapper.framework; name = UIKit.framework; path = System/Library/Frameworks/UIKit.framework; sourceTree = SDKROOT; };
		E137DACA1671BF6700AC0735 /* Foundation.framework */ = {isa = PBXFileReference; lastKnownFileType = wrapper.framework; name = Foundation.framework; path = System/Library/Frameworks/Foundation.framework; sourceTree = SDKROOT; };
		E137DACC1671BF6700AC0735 /* CoreGraphics.framework */ = {isa = PBXFileReference; lastKnownFileType = wrapper.framework; name = CoreGraphics.framework; path = System/Library/Frameworks/CoreGraphics.framework; sourceTree = SDKROOT; };
		E137DAD01671BF6700AC0735 /* SimpleDocument-Info.plist */ = {isa = PBXFileReference; lastKnownFileType = text.plist.xml; path = "SimpleDocument-Info.plist"; sourceTree = "<group>"; };
		E137DAD21671BF6700AC0735 /* en */ = {isa = PBXFileReference; lastKnownFileType = text.plist.strings; name = en; path = en.lproj/InfoPlist.strings; sourceTree = "<group>"; };
		E137DAD41671BF6700AC0735 /* main.m */ = {isa = PBXFileReference; lastKnownFileType = sourcecode.c.objc; path = main.m; sourceTree = "<group>"; };
		E137DAD61671BF6700AC0735 /* SimpleDocument-Prefix.pch */ = {isa = PBXFileReference; lastKnownFileType = sourcecode.c.h; path = "SimpleDocument-Prefix.pch"; sourceTree = "<group>"; };
		E137DAD71671BF6700AC0735 /* AppDelegate.h */ = {isa = PBXFileReference; lastKnownFileType = sourcecode.c.h; path = AppDelegate.h; sourceTree = "<group>"; };
		E137DAD81671BF6700AC0735 /* AppDelegate.m */ = {isa = PBXFileReference; lastKnownFileType = sourcecode.c.objc; path = AppDelegate.m; sourceTree = "<group>"; };
		E137DADA1671BF6700AC0735 /* Default.png */ = {isa = PBXFileReference; lastKnownFileType = image.png; path = Default.png; sourceTree = "<group>"; };
		E137DADC1671BF6700AC0735 /* Default@2x.png */ = {isa = PBXFileReference; lastKnownFileType = image.png; path = "Default@2x.png"; sourceTree = "<group>"; };
		E137DADE1671BF6700AC0735 /* Default-568h@2x.png */ = {isa = PBXFileReference; lastKnownFileType = image.png; path = "Default-568h@2x.png"; sourceTree = "<group>"; };
		E137DAE51671BF6700AC0735 /* SimpleDocumentTests.octest */ = {isa = PBXFileReference; explicitFileType = wrapper.cfbundle; includeInIndex = 0; path = SimpleDocumentTests.octest; sourceTree = BUILT_PRODUCTS_DIR; };
		E137DAE61671BF6700AC0735 /* SenTestingKit.framework */ = {isa = PBXFileReference; lastKnownFileType = wrapper.framework; name = SenTestingKit.framework; path = Library/Frameworks/SenTestingKit.framework; sourceTree = DEVELOPER_DIR; };
		E137DAEE1671BF6700AC0735 /* SimpleDocumentTests-Info.plist */ = {isa = PBXFileReference; lastKnownFileType = text.plist.xml; path = "SimpleDocumentTests-Info.plist"; sourceTree = "<group>"; };
		E137DAF01671BF6700AC0735 /* en */ = {isa = PBXFileReference; lastKnownFileType = text.plist.strings; name = en; path = en.lproj/InfoPlist.strings; sourceTree = "<group>"; };
		E137DAF21671BF6700AC0735 /* SimpleDocumentTests.h */ = {isa = PBXFileReference; lastKnownFileType = sourcecode.c.h; path = SimpleDocumentTests.h; sourceTree = "<group>"; };
		E137DAF31671BF6700AC0735 /* SimpleDocumentTests.m */ = {isa = PBXFileReference; lastKnownFileType = sourcecode.c.objc; path = SimpleDocumentTests.m; sourceTree = "<group>"; };
		E137DAFD1671BF9200AC0735 /* SimpleDocument.h */ = {isa = PBXFileReference; fileEncoding = 4; lastKnownFileType = sourcecode.c.h; path = SimpleDocument.h; sourceTree = "<group>"; };
		E137DAFE1671BF9200AC0735 /* SimpleDocument.m */ = {isa = PBXFileReference; fileEncoding = 4; lastKnownFileType = sourcecode.c.objc; path = SimpleDocument.m; sourceTree = "<group>"; };
		E1C8A0DB1671D2740006A5E9 /* SimpleDocumentUser.h */ = {isa = PBXFileReference; fileEncoding = 4; lastKnownFileType = sourcecode.c.h; path = SimpleDocumentUser.h; sourceTree = "<group>"; };
		E1C8A0DC1671D2740006A5E9 /* SimpleDocumentUser.m */ = {isa = PBXFileReference; fileEncoding = 4; lastKnownFileType = sourcecode.c.objc; path = SimpleDocumentUser.m; sourceTree = "<group>"; };
/* End PBXFileReference section */

/* Begin PBXFrameworksBuildPhase section */
		E137DAC11671BF6700AC0735 /* Frameworks */ = {
			isa = PBXFrameworksBuildPhase;
			buildActionMask = 2147483647;
			files = (
				E137DAC91671BF6700AC0735 /* UIKit.framework in Frameworks */,
				E137DACB1671BF6700AC0735 /* Foundation.framework in Frameworks */,
				E137DACD1671BF6700AC0735 /* CoreGraphics.framework in Frameworks */,
			);
			runOnlyForDeploymentPostprocessing = 0;
		};
		E137DAE11671BF6700AC0735 /* Frameworks */ = {
			isa = PBXFrameworksBuildPhase;
			buildActionMask = 2147483647;
			files = (
				E137DAE71671BF6700AC0735 /* SenTestingKit.framework in Frameworks */,
				E137DAE81671BF6700AC0735 /* UIKit.framework in Frameworks */,
				E137DAE91671BF6700AC0735 /* Foundation.framework in Frameworks */,
			);
			runOnlyForDeploymentPostprocessing = 0;
		};
/* End PBXFrameworksBuildPhase section */

/* Begin PBXGroup section */
		E137DAB91671BF6600AC0735 = {
			isa = PBXGroup;
			children = (
				E137DACE1671BF6700AC0735 /* SimpleDocument */,
				E137DAEC1671BF6700AC0735 /* SimpleDocumentTests */,
				E137DAC71671BF6700AC0735 /* Frameworks */,
				E137DAC51671BF6700AC0735 /* Products */,
			);
			sourceTree = "<group>";
		};
		E137DAC51671BF6700AC0735 /* Products */ = {
			isa = PBXGroup;
			children = (
				E137DAC41671BF6700AC0735 /* SimpleDocument.app */,
				E137DAE51671BF6700AC0735 /* SimpleDocumentTests.octest */,
			);
			name = Products;
			sourceTree = "<group>";
		};
		E137DAC71671BF6700AC0735 /* Frameworks */ = {
			isa = PBXGroup;
			children = (
				E137DAC81671BF6700AC0735 /* UIKit.framework */,
				E137DACA1671BF6700AC0735 /* Foundation.framework */,
				E137DACC1671BF6700AC0735 /* CoreGraphics.framework */,
				E137DAE61671BF6700AC0735 /* SenTestingKit.framework */,
			);
			name = Frameworks;
			sourceTree = "<group>";
		};
		E137DACE1671BF6700AC0735 /* SimpleDocument */ = {
			isa = PBXGroup;
			children = (
				E137DAD71671BF6700AC0735 /* AppDelegate.h */,
				E137DAD81671BF6700AC0735 /* AppDelegate.m */,
				E137DAFD1671BF9200AC0735 /* SimpleDocument.h */,
				E137DAFE1671BF9200AC0735 /* SimpleDocument.m */,
				E1C8A0DB1671D2740006A5E9 /* SimpleDocumentUser.h */,
				E1C8A0DC1671D2740006A5E9 /* SimpleDocumentUser.m */,
				E137DACF1671BF6700AC0735 /* Supporting Files */,
			);
			path = SimpleDocument;
			sourceTree = "<group>";
		};
		E137DACF1671BF6700AC0735 /* Supporting Files */ = {
			isa = PBXGroup;
			children = (
				E137DAD01671BF6700AC0735 /* SimpleDocument-Info.plist */,
				E137DAD11671BF6700AC0735 /* InfoPlist.strings */,
				E137DAD41671BF6700AC0735 /* main.m */,
				E137DAD61671BF6700AC0735 /* SimpleDocument-Prefix.pch */,
				E137DADA1671BF6700AC0735 /* Default.png */,
				E137DADC1671BF6700AC0735 /* Default@2x.png */,
				E137DADE1671BF6700AC0735 /* Default-568h@2x.png */,
			);
			name = "Supporting Files";
			sourceTree = "<group>";
		};
		E137DAEC1671BF6700AC0735 /* SimpleDocumentTests */ = {
			isa = PBXGroup;
			children = (
				E137DAF21671BF6700AC0735 /* SimpleDocumentTests.h */,
				E137DAF31671BF6700AC0735 /* SimpleDocumentTests.m */,
				E137DAED1671BF6700AC0735 /* Supporting Files */,
			);
			path = SimpleDocumentTests;
			sourceTree = "<group>";
		};
		E137DAED1671BF6700AC0735 /* Supporting Files */ = {
			isa = PBXGroup;
			children = (
				E137DAEE1671BF6700AC0735 /* SimpleDocumentTests-Info.plist */,
				E137DAEF1671BF6700AC0735 /* InfoPlist.strings */,
			);
			name = "Supporting Files";
			sourceTree = "<group>";
		};
/* End PBXGroup section */

/* Begin PBXNativeTarget section */
		E137DAC31671BF6700AC0735 /* SimpleDocument */ = {
			isa = PBXNativeTarget;
			buildConfigurationList = E137DAF71671BF6700AC0735 /* Build configuration list for PBXNativeTarget "SimpleDocument" */;
			buildPhases = (
				E137DAC01671BF6700AC0735 /* Sources */,
				E137DAC11671BF6700AC0735 /* Frameworks */,
				E137DAC21671BF6700AC0735 /* Resources */,
			);
			buildRules = (
			);
			dependencies = (
			);
			name = SimpleDocument;
			productName = SimpleDocument;
			productReference = E137DAC41671BF6700AC0735 /* SimpleDocument.app */;
			productType = "com.apple.product-type.application";
		};
		E137DAE41671BF6700AC0735 /* SimpleDocumentTests */ = {
			isa = PBXNativeTarget;
			buildConfigurationList = E137DAFA1671BF6700AC0735 /* Build configuration list for PBXNativeTarget "SimpleDocumentTests" */;
			buildPhases = (
				E137DAE01671BF6700AC0735 /* Sources */,
				E137DAE11671BF6700AC0735 /* Frameworks */,
				E137DAE21671BF6700AC0735 /* Resources */,
				E137DAE31671BF6700AC0735 /* ShellScript */,
			);
			buildRules = (
			);
			dependencies = (
				E137DAEB1671BF6700AC0735 /* PBXTargetDependency */,
			);
			name = SimpleDocumentTests;
			productName = SimpleDocumentTests;
			productReference = E137DAE51671BF6700AC0735 /* SimpleDocumentTests.octest */;
			productType = "com.apple.product-type.bundle";
		};
/* End PBXNativeTarget section */

/* Begin PBXProject section */
		E137DABB1671BF6600AC0735 /* Project object */ = {
			isa = PBXProject;
			attributes = {
				LastUpgradeCheck = 0450;
				ORGANIZATIONNAME = "片桐奏羽";
			};
			buildConfigurationList = E137DABE1671BF6600AC0735 /* Build configuration list for PBXProject "SimpleDocument" */;
			compatibilityVersion = "Xcode 3.2";
			developmentRegion = English;
			hasScannedForEncodings = 0;
			knownRegions = (
				en,
			);
			mainGroup = E137DAB91671BF6600AC0735;
			productRefGroup = E137DAC51671BF6700AC0735 /* Products */;
			projectDirPath = "";
			projectRoot = "";
			targets = (
				E137DAC31671BF6700AC0735 /* SimpleDocument */,
				E137DAE41671BF6700AC0735 /* SimpleDocumentTests */,
			);
		};
/* End PBXProject section */

/* Begin PBXResourcesBuildPhase section */
		E137DAC21671BF6700AC0735 /* Resources */ = {
			isa = PBXResourcesBuildPhase;
			buildActionMask = 2147483647;
			files = (
				E137DAD31671BF6700AC0735 /* InfoPlist.strings in Resources */,
				E137DADB1671BF6700AC0735 /* Default.png in Resources */,
				E137DADD1671BF6700AC0735 /* Default@2x.png in Resources */,
				E137DADF1671BF6700AC0735 /* Default-568h@2x.png in Resources */,
			);
			runOnlyForDeploymentPostprocessing = 0;
		};
		E137DAE21671BF6700AC0735 /* Resources */ = {
			isa = PBXResourcesBuildPhase;
			buildActionMask = 2147483647;
			files = (
				E137DAF11671BF6700AC0735 /* InfoPlist.strings in Resources */,
			);
			runOnlyForDeploymentPostprocessing = 0;
		};
/* End PBXResourcesBuildPhase section */

/* Begin PBXShellScriptBuildPhase section */
		E137DAE31671BF6700AC0735 /* ShellScript */ = {
			isa = PBXShellScriptBuildPhase;
			buildActionMask = 2147483647;
			files = (
			);
			inputPaths = (
			);
			outputPaths = (
			);
			runOnlyForDeploymentPostprocessing = 0;
			shellPath = /bin/sh;
			shellScript = "# Run the unit tests in this test bundle.\n\"${SYSTEM_DEVELOPER_DIR}/Tools/RunUnitTests\"\n";
		};
/* End PBXShellScriptBuildPhase section */

/* Begin PBXSourcesBuildPhase section */
		E137DAC01671BF6700AC0735 /* Sources */ = {
			isa = PBXSourcesBuildPhase;
			buildActionMask = 2147483647;
			files = (
				E137DAD51671BF6700AC0735 /* main.m in Sources */,
				E137DAD91671BF6700AC0735 /* AppDelegate.m in Sources */,
				E137DAFF1671BF9200AC0735 /* SimpleDocument.m in Sources */,
				E1C8A0DD1671D2740006A5E9 /* SimpleDocumentUser.m in Sources */,
			);
			runOnlyForDeploymentPostprocessing = 0;
		};
		E137DAE01671BF6700AC0735 /* Sources */ = {
			isa = PBXSourcesBuildPhase;
			buildActionMask = 2147483647;
			files = (
				E137DAF41671BF6700AC0735 /* SimpleDocumentTests.m in Sources */,
			);
			runOnlyForDeploymentPostprocessing = 0;
		};
/* End PBXSourcesBuildPhase section */

/* Begin PBXTargetDependency section */
		E137DAEB1671BF6700AC0735 /* PBXTargetDependency */ = {
			isa = PBXTargetDependency;
			target = E137DAC31671BF6700AC0735 /* SimpleDocument */;
			targetProxy = E137DAEA1671BF6700AC0735 /* PBXContainerItemProxy */;
		};
/* End PBXTargetDependency section */

/* Begin PBXVariantGroup section */
		E137DAD11671BF6700AC0735 /* InfoPlist.strings */ = {
			isa = PBXVariantGroup;
			children = (
				E137DAD21671BF6700AC0735 /* en */,
			);
			name = InfoPlist.strings;
			sourceTree = "<group>";
		};
		E137DAEF1671BF6700AC0735 /* InfoPlist.strings */ = {
			isa = PBXVariantGroup;
			children = (
				E137DAF01671BF6700AC0735 /* en */,
			);
			name = InfoPlist.strings;
			sourceTree = "<group>";
		};
/* End PBXVariantGroup section */

/* Begin XCBuildConfiguration section */
		E137DAF51671BF6700AC0735 /* Debug */ = {
			isa = XCBuildConfiguration;
			buildSettings = {
				ALWAYS_SEARCH_USER_PATHS = NO;
				CLANG_CXX_LANGUAGE_STANDARD = "gnu++0x";
				CLANG_CXX_LIBRARY = "libc++";
				CLANG_ENABLE_OBJC_ARC = YES;
				CLANG_WARN_EMPTY_BODY = YES;
				CLANG_WARN__DUPLICATE_METHOD_MATCH = YES;
				"CODE_SIGN_IDENTITY[sdk=iphoneos*]" = "iPhone Developer";
				COPY_PHASE_STRIP = NO;
				GCC_C_LANGUAGE_STANDARD = gnu99;
				GCC_DYNAMIC_NO_PIC = NO;
				GCC_OPTIMIZATION_LEVEL = 0;
				GCC_PREPROCESSOR_DEFINITIONS = (
					"DEBUG=1",
					"$(inherited)",
				);
				GCC_SYMBOLS_PRIVATE_EXTERN = NO;
				GCC_WARN_ABOUT_RETURN_TYPE = YES;
				GCC_WARN_UNINITIALIZED_AUTOS = YES;
				GCC_WARN_UNUSED_VARIABLE = YES;
				IPHONEOS_DEPLOYMENT_TARGET = 6.0;
				ONLY_ACTIVE_ARCH = YES;
				SDKROOT = iphoneos;
				TARGETED_DEVICE_FAMILY = "1,2";
			};
			name = Debug;
		};
		E137DAF61671BF6700AC0735 /* Release */ = {
			isa = XCBuildConfiguration;
			buildSettings = {
				ALWAYS_SEARCH_USER_PATHS = NO;
				CLANG_CXX_LANGUAGE_STANDARD = "gnu++0x";
				CLANG_CXX_LIBRARY = "libc++";
				CLANG_ENABLE_OBJC_ARC = YES;
				CLANG_WARN_EMPTY_BODY = YES;
				CLANG_WARN__DUPLICATE_METHOD_MATCH = YES;
				"CODE_SIGN_IDENTITY[sdk=iphoneos*]" = "iPhone Developer";
				COPY_PHASE_STRIP = YES;
				GCC_C_LANGUAGE_STANDARD = gnu99;
				GCC_WARN_ABOUT_RETURN_TYPE = YES;
				GCC_WARN_UNINITIALIZED_AUTOS = YES;
				GCC_WARN_UNUSED_VARIABLE = YES;
				IPHONEOS_DEPLOYMENT_TARGET = 6.0;
				OTHER_CFLAGS = "-DNS_BLOCK_ASSERTIONS=1";
				SDKROOT = iphoneos;
				TARGETED_DEVICE_FAMILY = "1,2";
				VALIDATE_PRODUCT = YES;
			};
			name = Release;
		};
		E137DAF81671BF6700AC0735 /* Debug */ = {
			isa = XCBuildConfiguration;
			buildSettings = {
				GCC_PRECOMPILE_PREFIX_HEADER = YES;
				GCC_PREFIX_HEADER = "SimpleDocument/SimpleDocument-Prefix.pch";
				INFOPLIST_FILE = "SimpleDocument/SimpleDocument-Info.plist";
				PRODUCT_NAME = "$(TARGET_NAME)";
				WRAPPER_EXTENSION = app;
			};
			name = Debug;
		};
		E137DAF91671BF6700AC0735 /* Release */ = {
			isa = XCBuildConfiguration;
			buildSettings = {
				GCC_PRECOMPILE_PREFIX_HEADER = YES;
				GCC_PREFIX_HEADER = "SimpleDocument/SimpleDocument-Prefix.pch";
				INFOPLIST_FILE = "SimpleDocument/SimpleDocument-Info.plist";
				PRODUCT_NAME = "$(TARGET_NAME)";
				WRAPPER_EXTENSION = app;
			};
			name = Release;
		};
		E137DAFB1671BF6700AC0735 /* Debug */ = {
			isa = XCBuildConfiguration;
			buildSettings = {
				BUNDLE_LOADER = "$(BUILT_PRODUCTS_DIR)/SimpleDocument.app/SimpleDocument";
				FRAMEWORK_SEARCH_PATHS = (
					"\"$(SDKROOT)/Developer/Library/Frameworks\"",
					"\"$(DEVELOPER_LIBRARY_DIR)/Frameworks\"",
				);
				GCC_PRECOMPILE_PREFIX_HEADER = YES;
				GCC_PREFIX_HEADER = "SimpleDocument/SimpleDocument-Prefix.pch";
				INFOPLIST_FILE = "SimpleDocumentTests/SimpleDocumentTests-Info.plist";
				PRODUCT_NAME = "$(TARGET_NAME)";
				TEST_HOST = "$(BUNDLE_LOADER)";
				WRAPPER_EXTENSION = octest;
			};
			name = Debug;
		};
		E137DAFC1671BF6700AC0735 /* Release */ = {
			isa = XCBuildConfiguration;
			buildSettings = {
				BUNDLE_LOADER = "$(BUILT_PRODUCTS_DIR)/SimpleDocument.app/SimpleDocument";
				FRAMEWORK_SEARCH_PATHS = (
					"\"$(SDKROOT)/Developer/Library/Frameworks\"",
					"\"$(DEVELOPER_LIBRARY_DIR)/Frameworks\"",
				);
				GCC_PRECOMPILE_PREFIX_HEADER = YES;
				GCC_PREFIX_HEADER = "SimpleDocument/SimpleDocument-Prefix.pch";
				INFOPLIST_FILE = "SimpleDocumentTests/SimpleDocumentTests-Info.plist";
				PRODUCT_NAME = "$(TARGET_NAME)";
				TEST_HOST = "$(BUNDLE_LOADER)";
				WRAPPER_EXTENSION = octest;
			};
			name = Release;
		};
/* End XCBuildConfiguration section */

/* Begin XCConfigurationList section */
		E137DABE1671BF6600AC0735 /* Build configuration list for PBXProject "SimpleDocument" */ = {
			isa = XCConfigurationList;
			buildConfigurations = (
				E137DAF51671BF6700AC0735 /* Debug */,
				E137DAF61671BF6700AC0735 /* Release */,
			);
			defaultConfigurationIsVisible = 0;
			defaultConfigurationName = Release;
		};
		E137DAF71671BF6700AC0735 /* Build configuration list for PBXNativeTarget "SimpleDocument" */ = {
			isa = XCConfigurationList;
			buildConfigurations = (
				E137DAF81671BF6700AC0735 /* Debug */,
				E137DAF91671BF6700AC0735 /* Release */,
			);
			defaultConfigurationIsVisible = 0;
			defaultConfigurationName = Release;
		};
		E137DAFA1671BF6700AC0735 /* Build configuration list for PBXNativeTarget "SimpleDocumentTests" */ = {
			isa = XCConfigurationList;
			buildConfigurations = (
				E137DAFB1671BF6700AC0735 /* Debug */,
				E137DAFC1671BF6700AC0735 /* Release */,
			);
			defaultConfigurationIsVisible = 0;
			defaultConfigurationName = Release;
		};
/* End XCConfigurationList section */
	};
	rootObject = E137DABB1671BF6600AC0735 /* Project object */;
}
